
Microsoft Visual Studio Solution File, Format Version 12.00
# Visual Studio 15
VisualStudioVersion = 15.0.28307.168
MinimumVisualStudioVersion = 10.0.40219.1
Project("{FAE04EC0-301F-11D3-BF4B-00C04F79EFBC}") = "AuthorizationInMVC", "AuthorizationInMVC\AuthorizationInMVC.csproj", "{32F73596-3BFC-496F-8CC8-827DA7D73A2D}"
EndProject
Global
	GlobalSection(SolutionConfigurationPlatforms) = preSolution
		Debug|Any CPU = Debug|Any CPU
		Release|Any CPU = Release|Any CPU
	EndGlobalSection
	GlobalSection(ProjectConfigurationPlatforms) = postSolution
		{32F73596-3BFC-496F-8CC8-827DA7D73A2D}.Debug|Any CPU.ActiveCfg = Debug|Any CPU
		{32F73596-3BFC-496F-8CC8-827DA7D73A2D}.Debug|Any CPU.Build.0 = Debug|Any CPU
		{32F73596-3BFC-496F-8CC8-827DA7D73A2D}.Release|Any CPU.ActiveCfg = Release|Any CPU
		{32F73596-3BFC-496F-8CC8-827DA7D73A2D}.Release|Any CPU.Build.0 = Release|Any CPU
	EndGlobalSection
	GlobalSection(SolutionProperties) = preSolution
		HideSolutionNode = FALSE
	EndGlobalSection
	GlobalSection(ExtensibilityGlobals) = postSolution
		SolutionGuid = {D4E98DB4-8B9A-48B1-A4DE-BC6981F13D32}
	EndGlobalSection
EndGlobal
